// !$*UTF8*$!
{
	archiveVersion = 1;
	classes = {
	};
	objectVersion = 50;
	objects = {

/* Begin PBXBuildFile section */
		18A07E4923B8A78B008DB00E /* AppDelegate.swift in Sources */ = {isa = PBXBuildFile; fileRef = 18A07E4823B8A78B008DB00E /* AppDelegate.swift */; };
		18A07E4B23B8A78B008DB00E /* SceneDelegate.swift in Sources */ = {isa = PBXBuildFile; fileRef = 18A07E4A23B8A78B008DB00E /* SceneDelegate.swift */; };
		18A07E4D23B8A78B008DB00E /* ViewController.swift in Sources */ = {isa = PBXBuildFile; fileRef = 18A07E4C23B8A78B008DB00E /* ViewController.swift */; };
		18A07E5023B8A78B008DB00E /* Main.storyboard in Resources */ = {isa = PBXBuildFile; fileRef = 18A07E4E23B8A78B008DB00E /* Main.storyboard */; };
		18A07E5223B8A792008DB00E /* Assets.xcassets in Resources */ = {isa = PBXBuildFile; fileRef = 18A07E5123B8A792008DB00E /* Assets.xcassets */; };
		18A07E5523B8A792008DB00E /* LaunchScreen.storyboard in Resources */ = {isa = PBXBuildFile; fileRef = 18A07E5323B8A792008DB00E /* LaunchScreen.storyboard */; };
		18A07E6023B8A792008DB00E /* MVVMtutorialTests.swift in Sources */ = {isa = PBXBuildFile; fileRef = 18A07E5F23B8A792008DB00E /* MVVMtutorialTests.swift */; };
		18A07E6B23B8A792008DB00E /* MVVMtutorialUITests.swift in Sources */ = {isa = PBXBuildFile; fileRef = 18A07E6A23B8A792008DB00E /* MVVMtutorialUITests.swift */; };
		18A07E7A23B8A7C4008DB00E /* Pet.swift in Sources */ = {isa = PBXBuildFile; fileRef = 18A07E7923B8A7C4008DB00E /* Pet.swift */; };
		18A07E7D23B8A98F008DB00E /* PetViewModel.swift in Sources */ = {isa = PBXBuildFile; fileRef = 18A07E7C23B8A98F008DB00E /* PetViewModel.swift */; };
		18A07E8023B8ABAE008DB00E /* PetView.swift in Sources */ = {isa = PBXBuildFile; fileRef = 18A07E7F23B8ABAE008DB00E /* PetView.swift */; };
		8D35792D23BAF4BD006AAB90 /* Person.swift in Sources */ = {isa = PBXBuildFile; fileRef = 8D35792C23BAF4BD006AAB90 /* Person.swift */; };
		8D35792F23BAF554006AAB90 /* PersonViewModel.swift in Sources */ = {isa = PBXBuildFile; fileRef = 8D35792E23BAF554006AAB90 /* PersonViewModel.swift */; };
/* End PBXBuildFile section */

/* Begin PBXContainerItemProxy section */
		18A07E5C23B8A792008DB00E /* PBXContainerItemProxy */ = {
			isa = PBXContainerItemProxy;
			containerPortal = 18A07E3D23B8A78A008DB00E /* Project object */;
			proxyType = 1;
			remoteGlobalIDString = 18A07E4423B8A78B008DB00E;
			remoteInfo = MVVMtutorial;
		};
		18A07E6723B8A792008DB00E /* PBXContainerItemProxy */ = {
			isa = PBXContainerItemProxy;
			containerPortal = 18A07E3D23B8A78A008DB00E /* Project object */;
			proxyType = 1;
			remoteGlobalIDString = 18A07E4423B8A78B008DB00E;
			remoteInfo = MVVMtutorial;
		};
/* End PBXContainerItemProxy section */

/* Begin PBXFileReference section */
		18A07E4523B8A78B008DB00E /* MVVMtutorial.app */ = {isa = PBXFileReference; explicitFileType = wrapper.application; includeInIndex = 0; path = MVVMtutorial.app; sourceTree = BUILT_PRODUCTS_DIR; };
		18A07E4823B8A78B008DB00E /* AppDelegate.swift */ = {isa = PBXFileReference; lastKnownFileType = sourcecode.swift; path = AppDelegate.swift; sourceTree = "<group>"; };
		18A07E4A23B8A78B008DB00E /* SceneDelegate.swift */ = {isa = PBXFileReference; lastKnownFileType = sourcecode.swift; path = SceneDelegate.swift; sourceTree = "<group>"; };
		18A07E4C23B8A78B008DB00E /* ViewController.swift */ = {isa = PBXFileReference; lastKnownFileType = sourcecode.swift; path = ViewController.swift; sourceTree = "<group>"; };
		18A07E4F23B8A78B008DB00E /* Base */ = {isa = PBXFileReference; lastKnownFileType = file.storyboard; name = Base; path = Base.lproj/Main.storyboard; sourceTree = "<group>"; };
		18A07E5123B8A792008DB00E /* Assets.xcassets */ = {isa = PBXFileReference; lastKnownFileType = folder.assetcatalog; path = Assets.xcassets; sourceTree = "<group>"; };
		18A07E5423B8A792008DB00E /* Base */ = {isa = PBXFileReference; lastKnownFileType = file.storyboard; name = Base; path = Base.lproj/LaunchScreen.storyboard; sourceTree = "<group>"; };
		18A07E5623B8A792008DB00E /* Info.plist */ = {isa = PBXFileReference; lastKnownFileType = text.plist.xml; path = Info.plist; sourceTree = "<group>"; };
		18A07E5B23B8A792008DB00E /* MVVMtutorialTests.xctest */ = {isa = PBXFileReference; explicitFileType = wrapper.cfbundle; includeInIndex = 0; path = MVVMtutorialTests.xctest; sourceTree = BUILT_PRODUCTS_DIR; };
		18A07E5F23B8A792008DB00E /* MVVMtutorialTests.swift */ = {isa = PBXFileReference; lastKnownFileType = sourcecode.swift; path = MVVMtutorialTests.swift; sourceTree = "<group>"; };
		18A07E6123B8A792008DB00E /* Info.plist */ = {isa = PBXFileReference; lastKnownFileType = text.plist.xml; path = Info.plist; sourceTree = "<group>"; };
		18A07E6623B8A792008DB00E /* MVVMtutorialUITests.xctest */ = {isa = PBXFileReference; explicitFileType = wrapper.cfbundle; includeInIndex = 0; path = MVVMtutorialUITests.xctest; sourceTree = BUILT_PRODUCTS_DIR; };
		18A07E6A23B8A792008DB00E /* MVVMtutorialUITests.swift */ = {isa = PBXFileReference; lastKnownFileType = sourcecode.swift; path = MVVMtutorialUITests.swift; sourceTree = "<group>"; };
		18A07E6C23B8A792008DB00E /* Info.plist */ = {isa = PBXFileReference; lastKnownFileType = text.plist.xml; path = Info.plist; sourceTree = "<group>"; };
		18A07E7923B8A7C4008DB00E /* Pet.swift */ = {isa = PBXFileReference; lastKnownFileType = sourcecode.swift; path = Pet.swift; sourceTree = "<group>"; };
		18A07E7C23B8A98F008DB00E /* PetViewModel.swift */ = {isa = PBXFileReference; lastKnownFileType = sourcecode.swift; path = PetViewModel.swift; sourceTree = "<group>"; };
		18A07E7F23B8ABAE008DB00E /* PetView.swift */ = {isa = PBXFileReference; lastKnownFileType = sourcecode.swift; path = PetView.swift; sourceTree = "<group>"; };
		8D35792C23BAF4BD006AAB90 /* Person.swift */ = {isa = PBXFileReference; lastKnownFileType = sourcecode.swift; path = Person.swift; sourceTree = "<group>"; };
		8D35792E23BAF554006AAB90 /* PersonViewModel.swift */ = {isa = PBXFileReference; lastKnownFileType = sourcecode.swift; path = PersonViewModel.swift; sourceTree = "<group>"; };
		8D9814DA23B9E4AB0099F8ED /* Reference.playground */ = {isa = PBXFileReference; lastKnownFileType = file.playground; path = Reference.playground; sourceTree = "<group>"; xcLanguageSpecificationIdentifier = xcode.lang.swift; };
/* End PBXFileReference section */

/* Begin PBXFrameworksBuildPhase section */
		18A07E4223B8A78B008DB00E /* Frameworks */ = {
			isa = PBXFrameworksBuildPhase;
			buildActionMask = 2147483647;
			files = (
			);
			runOnlyForDeploymentPostprocessing = 0;
		};
		18A07E5823B8A792008DB00E /* Frameworks */ = {
			isa = PBXFrameworksBuildPhase;
			buildActionMask = 2147483647;
			files = (
			);
			runOnlyForDeploymentPostprocessing = 0;
		};
		18A07E6323B8A792008DB00E /* Frameworks */ = {
			isa = PBXFrameworksBuildPhase;
			buildActionMask = 2147483647;
			files = (
			);
			runOnlyForDeploymentPostprocessing = 0;
		};
/* End PBXFrameworksBuildPhase section */

/* Begin PBXGroup section */
		18A07E3C23B8A78A008DB00E = {
			isa = PBXGroup;
			children = (
				8D9814DA23B9E4AB0099F8ED /* Reference.playground */,
				18A07E4723B8A78B008DB00E /* MVVMtutorial */,
				18A07E5E23B8A792008DB00E /* MVVMtutorialTests */,
				18A07E6923B8A792008DB00E /* MVVMtutorialUITests */,
				18A07E4623B8A78B008DB00E /* Products */,
			);
			sourceTree = "<group>";
		};
		18A07E4623B8A78B008DB00E /* Products */ = {
			isa = PBXGroup;
			children = (
				18A07E4523B8A78B008DB00E /* MVVMtutorial.app */,
				18A07E5B23B8A792008DB00E /* MVVMtutorialTests.xctest */,
				18A07E6623B8A792008DB00E /* MVVMtutorialUITests.xctest */,
			);
			name = Products;
			sourceTree = "<group>";
		};
		18A07E4723B8A78B008DB00E /* MVVMtutorial */ = {
			isa = PBXGroup;
			children = (
				18A07E7E23B8AB30008DB00E /* View */,
				18A07E7B23B8A95B008DB00E /* ViewModel */,
				18A07E7823B8A7A2008DB00E /* Models */,
				18A07E4823B8A78B008DB00E /* AppDelegate.swift */,
				18A07E4A23B8A78B008DB00E /* SceneDelegate.swift */,
				18A07E4C23B8A78B008DB00E /* ViewController.swift */,
				18A07E4E23B8A78B008DB00E /* Main.storyboard */,
				18A07E5123B8A792008DB00E /* Assets.xcassets */,
				18A07E5323B8A792008DB00E /* LaunchScreen.storyboard */,
				18A07E5623B8A792008DB00E /* Info.plist */,
			);
			path = MVVMtutorial;
			sourceTree = "<group>";
		};
		18A07E5E23B8A792008DB00E /* MVVMtutorialTests */ = {
			isa = PBXGroup;
			children = (
				18A07E5F23B8A792008DB00E /* MVVMtutorialTests.swift */,
				18A07E6123B8A792008DB00E /* Info.plist */,
			);
			path = MVVMtutorialTests;
			sourceTree = "<group>";
		};
		18A07E6923B8A792008DB00E /* MVVMtutorialUITests */ = {
			isa = PBXGroup;
			children = (
				18A07E6A23B8A792008DB00E /* MVVMtutorialUITests.swift */,
				18A07E6C23B8A792008DB00E /* Info.plist */,
			);
			path = MVVMtutorialUITests;
			sourceTree = "<group>";
		};
		18A07E7823B8A7A2008DB00E /* Models */ = {
			isa = PBXGroup;
			children = (
				18A07E7923B8A7C4008DB00E /* Pet.swift */,
				8D35792C23BAF4BD006AAB90 /* Person.swift */,
			);
			path = Models;
			sourceTree = "<group>";
		};
		18A07E7B23B8A95B008DB00E /* ViewModel */ = {
			isa = PBXGroup;
			children = (
				18A07E7C23B8A98F008DB00E /* PetViewModel.swift */,
				8D35792E23BAF554006AAB90 /* PersonViewModel.swift */,
			);
			path = ViewModel;
			sourceTree = "<group>";
		};
		18A07E7E23B8AB30008DB00E /* View */ = {
			isa = PBXGroup;
			children = (
				18A07E7F23B8ABAE008DB00E /* PetView.swift */,
			);
			path = View;
			sourceTree = "<group>";
		};
/* End PBXGroup section */

/* Begin PBXNativeTarget section */
		18A07E4423B8A78B008DB00E /* MVVMtutorial */ = {
			isa = PBXNativeTarget;
			buildConfigurationList = 18A07E6F23B8A792008DB00E /* Build configuration list for PBXNativeTarget "MVVMtutorial" */;
			buildPhases = (
				18A07E4123B8A78B008DB00E /* Sources */,
				18A07E4223B8A78B008DB00E /* Frameworks */,
				18A07E4323B8A78B008DB00E /* Resources */,
			);
			buildRules = (
			);
			dependencies = (
			);
			name = MVVMtutorial;
			productName = MVVMtutorial;
			productReference = 18A07E4523B8A78B008DB00E /* MVVMtutorial.app */;
			productType = "com.apple.product-type.application";
		};
		18A07E5A23B8A792008DB00E /* MVVMtutorialTests */ = {
			isa = PBXNativeTarget;
			buildConfigurationList = 18A07E7223B8A792008DB00E /* Build configuration list for PBXNativeTarget "MVVMtutorialTests" */;
			buildPhases = (
				18A07E5723B8A792008DB00E /* Sources */,
				18A07E5823B8A792008DB00E /* Frameworks */,
				18A07E5923B8A792008DB00E /* Resources */,
			);
			buildRules = (
			);
			dependencies = (
				18A07E5D23B8A792008DB00E /* PBXTargetDependency */,
			);
			name = MVVMtutorialTests;
			productName = MVVMtutorialTests;
			productReference = 18A07E5B23B8A792008DB00E /* MVVMtutorialTests.xctest */;
			productType = "com.apple.product-type.bundle.unit-test";
		};
		18A07E6523B8A792008DB00E /* MVVMtutorialUITests */ = {
			isa = PBXNativeTarget;
			buildConfigurationList = 18A07E7523B8A792008DB00E /* Build configuration list for PBXNativeTarget "MVVMtutorialUITests" */;
			buildPhases = (
				18A07E6223B8A792008DB00E /* Sources */,
				18A07E6323B8A792008DB00E /* Frameworks */,
				18A07E6423B8A792008DB00E /* Resources */,
			);
			buildRules = (
			);
			dependencies = (
				18A07E6823B8A792008DB00E /* PBXTargetDependency */,
			);
			name = MVVMtutorialUITests;
			productName = MVVMtutorialUITests;
			productReference = 18A07E6623B8A792008DB00E /* MVVMtutorialUITests.xctest */;
			productType = "com.apple.product-type.bundle.ui-testing";
		};
/* End PBXNativeTarget section */

/* Begin PBXProject section */
		18A07E3D23B8A78A008DB00E /* Project object */ = {
			isa = PBXProject;
			attributes = {
				LastSwiftUpdateCheck = 1120;
				LastUpgradeCheck = 1120;
				ORGANIZATIONNAME = Apple;
				TargetAttributes = {
					18A07E4423B8A78B008DB00E = {
						CreatedOnToolsVersion = 11.2;
					};
					18A07E5A23B8A792008DB00E = {
						CreatedOnToolsVersion = 11.2;
						TestTargetID = 18A07E4423B8A78B008DB00E;
					};
					18A07E6523B8A792008DB00E = {
						CreatedOnToolsVersion = 11.2;
						TestTargetID = 18A07E4423B8A78B008DB00E;
					};
				};
			};
			buildConfigurationList = 18A07E4023B8A78A008DB00E /* Build configuration list for PBXProject "MVVMtutorial" */;
			compatibilityVersion = "Xcode 9.3";
			developmentRegion = en;
			hasScannedForEncodings = 0;
			knownRegions = (
				en,
				Base,
			);
			mainGroup = 18A07E3C23B8A78A008DB00E;
			productRefGroup = 18A07E4623B8A78B008DB00E /* Products */;
			projectDirPath = "";
			projectRoot = "";
			targets = (
				18A07E4423B8A78B008DB00E /* MVVMtutorial */,
				18A07E5A23B8A792008DB00E /* MVVMtutorialTests */,
				18A07E6523B8A792008DB00E /* MVVMtutorialUITests */,
			);
		};
/* End PBXProject section */

/* Begin PBXResourcesBuildPhase section */
		18A07E4323B8A78B008DB00E /* Resources */ = {
			isa = PBXResourcesBuildPhase;
			buildActionMask = 2147483647;
			files = (
				18A07E5523B8A792008DB00E /* LaunchScreen.storyboard in Resources */,
				18A07E5223B8A792008DB00E /* Assets.xcassets in Resources */,
				18A07E5023B8A78B008DB00E /* Main.storyboard in Resources */,
			);
			runOnlyForDeploymentPostprocessing = 0;
		};
		18A07E5923B8A792008DB00E /* Resources */ = {
			isa = PBXResourcesBuildPhase;
			buildActionMask = 2147483647;
			files = (
			);
			runOnlyForDeploymentPostprocessing = 0;
		};
		18A07E6423B8A792008DB00E /* Resources */ = {
			isa = PBXResourcesBuildPhase;
			buildActionMask = 2147483647;
			files = (
			);
			runOnlyForDeploymentPostprocessing = 0;
		};
/* End PBXResourcesBuildPhase section */

/* Begin PBXSourcesBuildPhase section */
		18A07E4123B8A78B008DB00E /* Sources */ = {
			isa = PBXSourcesBuildPhase;
			buildActionMask = 2147483647;
			files = (
				18A07E8023B8ABAE008DB00E /* PetView.swift in Sources */,
				18A07E4D23B8A78B008DB00E /* ViewController.swift in Sources */,
				18A07E7D23B8A98F008DB00E /* PetViewModel.swift in Sources */,
				8D35792F23BAF554006AAB90 /* PersonViewModel.swift in Sources */,
				18A07E7A23B8A7C4008DB00E /* Pet.swift in Sources */,
				8D35792D23BAF4BD006AAB90 /* Person.swift in Sources */,
				18A07E4923B8A78B008DB00E /* AppDelegate.swift in Sources */,
				18A07E4B23B8A78B008DB00E /* SceneDelegate.swift in Sources */,
			);
			runOnlyForDeploymentPostprocessing = 0;
		};
		18A07E5723B8A792008DB00E /* Sources */ = {
			isa = PBXSourcesBuildPhase;
			buildActionMask = 2147483647;
			files = (
				18A07E6023B8A792008DB00E /* MVVMtutorialTests.swift in Sources */,
			);
			runOnlyForDeploymentPostprocessing = 0;
		};
		18A07E6223B8A792008DB00E /* Sources */ = {
			isa = PBXSourcesBuildPhase;
			buildActionMask = 2147483647;
			files = (
				18A07E6B23B8A792008DB00E /* MVVMtutorialUITests.swift in Sources */,
			);
			runOnlyForDeploymentPostprocessing = 0;
		};
/* End PBXSourcesBuildPhase section */

/* Begin PBXTargetDependency section */
		18A07E5D23B8A792008DB00E /* PBXTargetDependency */ = {
			isa = PBXTargetDependency;
			target = 18A07E4423B8A78B008DB00E /* MVVMtutorial */;
			targetProxy = 18A07E5C23B8A792008DB00E /* PBXContainerItemProxy */;
		};
		18A07E6823B8A792008DB00E /* PBXTargetDependency */ = {
			isa = PBXTargetDependency;
			target = 18A07E4423B8A78B008DB00E /* MVVMtutorial */;
			targetProxy = 18A07E6723B8A792008DB00E /* PBXContainerItemProxy */;
		};
/* End PBXTargetDependency section */

/* Begin PBXVariantGroup section */
		18A07E4E23B8A78B008DB00E /* Main.storyboard */ = {
			isa = PBXVariantGroup;
			children = (
				18A07E4F23B8A78B008DB00E /* Base */,
			);
			name = Main.storyboard;
			sourceTree = "<group>";
		};
		18A07E5323B8A792008DB00E /* LaunchScreen.storyboard */ = {
			isa = PBXVariantGroup;
			children = (
				18A07E5423B8A792008DB00E /* Base */,
			);
			name = LaunchScreen.storyboard;
			sourceTree = "<group>";
		};
/* End PBXVariantGroup section */

/* Begin XCBuildConfiguration section */
		18A07E6D23B8A792008DB00E /* Debug */ = {
			isa = XCBuildConfiguration;
			buildSettings = {
				ALWAYS_SEARCH_USER_PATHS = NO;
				CLANG_ANALYZER_NONNULL = YES;
				CLANG_ANALYZER_NUMBER_OBJECT_CONVERSION = YES_AGGRESSIVE;
				CLANG_CXX_LANGUAGE_STANDARD = "gnu++14";
				CLANG_CXX_LIBRARY = "libc++";
				CLANG_ENABLE_MODULES = YES;
				CLANG_ENABLE_OBJC_ARC = YES;
				CLANG_ENABLE_OBJC_WEAK = YES;
				CLANG_WARN_BLOCK_CAPTURE_AUTORELEASING = YES;
				CLANG_WARN_BOOL_CONVERSION = YES;
				CLANG_WARN_COMMA = YES;
				CLANG_WARN_CONSTANT_CONVERSION = YES;
				CLANG_WARN_DEPRECATED_OBJC_IMPLEMENTATIONS = YES;
				CLANG_WARN_DIRECT_OBJC_ISA_USAGE = YES_ERROR;
				CLANG_WARN_DOCUMENTATION_COMMENTS = YES;
				CLANG_WARN_EMPTY_BODY = YES;
				CLANG_WARN_ENUM_CONVERSION = YES;
				CLANG_WARN_INFINITE_RECURSION = YES;
				CLANG_WARN_INT_CONVERSION = YES;
				CLANG_WARN_NON_LITERAL_NULL_CONVERSION = YES;
				CLANG_WARN_OBJC_IMPLICIT_RETAIN_SELF = YES;
				CLANG_WARN_OBJC_LITERAL_CONVERSION = YES;
				CLANG_WARN_OBJC_ROOT_CLASS = YES_ERROR;
				CLANG_WARN_RANGE_LOOP_ANALYSIS = YES;
				CLANG_WARN_STRICT_PROTOTYPES = YES;
				CLANG_WARN_SUSPICIOUS_MOVE = YES;
				CLANG_WARN_UNGUARDED_AVAILABILITY = YES_AGGRESSIVE;
				CLANG_WARN_UNREACHABLE_CODE = YES;
				CLANG_WARN__DUPLICATE_METHOD_MATCH = YES;
				COPY_PHASE_STRIP = NO;
				DEBUG_INFORMATION_FORMAT = dwarf;
				ENABLE_STRICT_OBJC_MSGSEND = YES;
				ENABLE_TESTABILITY = YES;
				GCC_C_LANGUAGE_STANDARD = gnu11;
				GCC_DYNAMIC_NO_PIC = NO;
				GCC_NO_COMMON_BLOCKS = YES;
				GCC_OPTIMIZATION_LEVEL = 0;
				GCC_PREPROCESSOR_DEFINITIONS = (
					"DEBUG=1",
					"$(inherited)",
				);
				GCC_WARN_64_TO_32_BIT_CONVERSION = YES;
				GCC_WARN_ABOUT_RETURN_TYPE = YES_ERROR;
				GCC_WARN_UNDECLARED_SELECTOR = YES;
				GCC_WARN_UNINITIALIZED_AUTOS = YES_AGGRESSIVE;
				GCC_WARN_UNUSED_FUNCTION = YES;
				GCC_WARN_UNUSED_VARIABLE = YES;
				IPHONEOS_DEPLOYMENT_TARGET = 13.2;
				MTL_ENABLE_DEBUG_INFO = INCLUDE_SOURCE;
				MTL_FAST_MATH = YES;
				ONLY_ACTIVE_ARCH = YES;
				SDKROOT = iphoneos;
				SWIFT_ACTIVE_COMPILATION_CONDITIONS = DEBUG;
				SWIFT_OPTIMIZATION_LEVEL = "-Onone";
			};
			name = Debug;
		};
		18A07E6E23B8A792008DB00E /* Release */ = {
			isa = XCBuildConfiguration;
			buildSettings = {
				ALWAYS_SEARCH_USER_PATHS = NO;
				CLANG_ANALYZER_NONNULL = YES;
				CLANG_ANALYZER_NUMBER_OBJECT_CONVERSION = YES_AGGRESSIVE;
				CLANG_CXX_LANGUAGE_STANDARD = "gnu++14";
				CLANG_CXX_LIBRARY = "libc++";
				CLANG_ENABLE_MODULES = YES;
				CLANG_ENABLE_OBJC_ARC = YES;
				CLANG_ENABLE_OBJC_WEAK = YES;
				CLANG_WARN_BLOCK_CAPTURE_AUTORELEASING = YES;
				CLANG_WARN_BOOL_CONVERSION = YES;
				CLANG_WARN_COMMA = YES;
				CLANG_WARN_CONSTANT_CONVERSION = YES;
				CLANG_WARN_DEPRECATED_OBJC_IMPLEMENTATIONS = YES;
				CLANG_WARN_DIRECT_OBJC_ISA_USAGE = YES_ERROR;
				CLANG_WARN_DOCUMENTATION_COMMENTS = YES;
				CLANG_WARN_EMPTY_BODY = YES;
				CLANG_WARN_ENUM_CONVERSION = YES;
				CLANG_WARN_INFINITE_RECURSION = YES;
				CLANG_WARN_INT_CONVERSION = YES;
				CLANG_WARN_NON_LITERAL_NULL_CONVERSION = YES;
				CLANG_WARN_OBJC_IMPLICIT_RETAIN_SELF = YES;
				CLANG_WARN_OBJC_LITERAL_CONVERSION = YES;
				CLANG_WARN_OBJC_ROOT_CLASS = YES_ERROR;
				CLANG_WARN_RANGE_LOOP_ANALYSIS = YES;
				CLANG_WARN_STRICT_PROTOTYPES = YES;
				CLANG_WARN_SUSPICIOUS_MOVE = YES;
				CLANG_WARN_UNGUARDED_AVAILABILITY = YES_AGGRESSIVE;
				CLANG_WARN_UNREACHABLE_CODE = YES;
				CLANG_WARN__DUPLICATE_METHOD_MATCH = YES;
				COPY_PHASE_STRIP = NO;
				DEBUG_INFORMATION_FORMAT = "dwarf-with-dsym";
				ENABLE_NS_ASSERTIONS = NO;
				ENABLE_STRICT_OBJC_MSGSEND = YES;
				GCC_C_LANGUAGE_STANDARD = gnu11;
				GCC_NO_COMMON_BLOCKS = YES;
				GCC_WARN_64_TO_32_BIT_CONVERSION = YES;
				GCC_WARN_ABOUT_RETURN_TYPE = YES_ERROR;
				GCC_WARN_UNDECLARED_SELECTOR = YES;
				GCC_WARN_UNINITIALIZED_AUTOS = YES_AGGRESSIVE;
				GCC_WARN_UNUSED_FUNCTION = YES;
				GCC_WARN_UNUSED_VARIABLE = YES;
				IPHONEOS_DEPLOYMENT_TARGET = 13.2;
				MTL_ENABLE_DEBUG_INFO = NO;
				MTL_FAST_MATH = YES;
				SDKROOT = iphoneos;
				SWIFT_COMPILATION_MODE = wholemodule;
				SWIFT_OPTIMIZATION_LEVEL = "-O";
				VALIDATE_PRODUCT = YES;
			};
			name = Release;
		};
		18A07E7023B8A792008DB00E /* Debug */ = {
			isa = XCBuildConfiguration;
			buildSettings = {
				ASSETCATALOG_COMPILER_APPICON_NAME = AppIcon;
				CODE_SIGN_STYLE = Automatic;
				DEVELOPMENT_TEAM = PBBT599Q77;
				INFOPLIST_FILE = MVVMtutorial/Info.plist;
				LD_RUNPATH_SEARCH_PATHS = (
					"$(inherited)",
					"@executable_path/Frameworks",
				);
				PRODUCT_BUNDLE_IDENTIFIER = kienphamdev.com.MVVMtutorial;
				PRODUCT_NAME = "$(TARGET_NAME)";
				SWIFT_VERSION = 5.0;
				TARGETED_DEVICE_FAMILY = "1,2";
			};
			name = Debug;
		};
		18A07E7123B8A792008DB00E /* Release */ = {
			isa = XCBuildConfiguration;
			buildSettings = {
				ASSETCATALOG_COMPILER_APPICON_NAME = AppIcon;
				CODE_SIGN_STYLE = Automatic;
				DEVELOPMENT_TEAM = PBBT599Q77;
				INFOPLIST_FILE = MVVMtutorial/Info.plist;
				LD_RUNPATH_SEARCH_PATHS = (
					"$(inherited)",
					"@executable_path/Frameworks",
				);
				PRODUCT_BUNDLE_IDENTIFIER = kienphamdev.com.MVVMtutorial;
				PRODUCT_NAME = "$(TARGET_NAME)";
				SWIFT_VERSION = 5.0;
				TARGETED_DEVICE_FAMILY = "1,2";
			};
			name = Release;
		};
		18A07E7323B8A792008DB00E /* Debug */ = {
			isa = XCBuildConfiguration;
			buildSettings = {
				ALWAYS_EMBED_SWIFT_STANDARD_LIBRARIES = YES;
				BUNDLE_LOADER = "$(TEST_HOST)";
				CODE_SIGN_STYLE = Automatic;
				DEVELOPMENT_TEAM = PBBT599Q77;
				INFOPLIST_FILE = MVVMtutorialTests/Info.plist;
				IPHONEOS_DEPLOYMENT_TARGET = 13.2;
				LD_RUNPATH_SEARCH_PATHS = (
					"$(inherited)",
					"@executable_path/Frameworks",
					"@loader_path/Frameworks",
				);
				PRODUCT_BUNDLE_IDENTIFIER = kienphamdev.com.MVVMtutorialTests;
				PRODUCT_NAME = "$(TARGET_NAME)";
				SWIFT_VERSION = 5.0;
				TARGETED_DEVICE_FAMILY = "1,2";
				TEST_HOST = "$(BUILT_PRODUCTS_DIR)/MVVMtutorial.app/MVVMtutorial";
			};
			name = Debug;
		};
		18A07E7423B8A792008DB00E /* Release */ = {
			isa = XCBuildConfiguration;
			buildSettings = {
				ALWAYS_EMBED_SWIFT_STANDARD_LIBRARIES = YES;
				BUNDLE_LOADER = "$(TEST_HOST)";
				CODE_SIGN_STYLE = Automatic;
				DEVELOPMENT_TEAM = PBBT599Q77;
				INFOPLIST_FILE = MVVMtutorialTests/Info.plist;
				IPHONEOS_DEPLOYMENT_TARGET = 13.2;
				LD_RUNPATH_SEARCH_PATHS = (
					"$(inherited)",
					"@executable_path/Frameworks",
					"@loader_path/Frameworks",
				);
				PRODUCT_BUNDLE_IDENTIFIER = kienphamdev.com.MVVMtutorialTests;
				PRODUCT_NAME = "$(TARGET_NAME)";
				SWIFT_VERSION = 5.0;
				TARGETED_DEVICE_FAMILY = "1,2";
				TEST_HOST = "$(BUILT_PRODUCTS_DIR)/MVVMtutorial.app/MVVMtutorial";
			};
			name = Release;
		};
		18A07E7623B8A792008DB00E /* Debug */ = {
			isa = XCBuildConfiguration;
			buildSettings = {
				ALWAYS_EMBED_SWIFT_STANDARD_LIBRARIES = YES;
				CODE_SIGN_STYLE = Automatic;
				DEVELOPMENT_TEAM = PBBT599Q77;
				INFOPLIST_FILE = MVVMtutorialUITests/Info.plist;
				LD_RUNPATH_SEARCH_PATHS = (
					"$(inherited)",
					"@executable_path/Frameworks",
					"@loader_path/Frameworks",
				);
				PRODUCT_BUNDLE_IDENTIFIER = kienphamdev.com.MVVMtutorialUITests;
				PRODUCT_NAME = "$(TARGET_NAME)";
				SWIFT_VERSION = 5.0;
				TARGETED_DEVICE_FAMILY = "1,2";
				TEST_TARGET_NAME = MVVMtutorial;
			};
			name = Debug;
		};
		18A07E7723B8A792008DB00E /* Release */ = {
			isa = XCBuildConfiguration;
			buildSettings = {
				ALWAYS_EMBED_SWIFT_STANDARD_LIBRARIES = YES;
				CODE_SIGN_STYLE = Automatic;
				DEVELOPMENT_TEAM = PBBT599Q77;
				INFOPLIST_FILE = MVVMtutorialUITests/Info.plist;
				LD_RUNPATH_SEARCH_PATHS = (
					"$(inherited)",
					"@executable_path/Frameworks",
					"@loader_path/Frameworks",
				);
				PRODUCT_BUNDLE_IDENTIFIER = kienphamdev.com.MVVMtutorialUITests;
				PRODUCT_NAME = "$(TARGET_NAME)";
				SWIFT_VERSION = 5.0;
				TARGETED_DEVICE_FAMILY = "1,2";
				TEST_TARGET_NAME = MVVMtutorial;
			};
			name = Release;
		};
/* End XCBuildConfiguration section */

/* Begin XCConfigurationList section */
		18A07E4023B8A78A008DB00E /* Build configuration list for PBXProject "MVVMtutorial" */ = {
			isa = XCConfigurationList;
			buildConfigurations = (
				18A07E6D23B8A792008DB00E /* Debug */,
				18A07E6E23B8A792008DB00E /* Release */,
			);
			defaultConfigurationIsVisible = 0;
			defaultConfigurationName = Release;
		};
		18A07E6F23B8A792008DB00E /* Build configuration list for PBXNativeTarget "MVVMtutorial" */ = {
			isa = XCConfigurationList;
			buildConfigurations = (
				18A07E7023B8A792008DB00E /* Debug */,
				18A07E7123B8A792008DB00E /* Release */,
			);
			defaultConfigurationIsVisible = 0;
			defaultConfigurationName = Release;
		};
		18A07E7223B8A792008DB00E /* Build configuration list for PBXNativeTarget "MVVMtutorialTests" */ = {
			isa = XCConfigurationList;
			buildConfigurations = (
				18A07E7323B8A792008DB00E /* Debug */,
				18A07E7423B8A792008DB00E /* Release */,
			);
			defaultConfigurationIsVisible = 0;
			defaultConfigurationName = Release;
		};
		18A07E7523B8A792008DB00E /* Build configuration list for PBXNativeTarget "MVVMtutorialUITests" */ = {
			isa = XCConfigurationList;
			buildConfigurations = (
				18A07E7623B8A792008DB00E /* Debug */,
				18A07E7723B8A792008DB00E /* Release */,
			);
			defaultConfigurationIsVisible = 0;
			defaultConfigurationName = Release;
		};
/* End XCConfigurationList section */
	};
	rootObject = 18A07E3D23B8A78A008DB00E /* Project object */;
}
